
Microsoft Visual Studio Solution File, Format Version 12.00
# Visual Studio Version 17
VisualStudioVersion = 17.10.35027.167
MinimumVisualStudioVersion = 10.0.40219.1
Project("{FAE04EC0-301F-11D3-BF4B-00C04F79EFBC}") = "ManagementResouresDbFirst", "ManagementResouresDbFirst\ManagementResouresDbFirst.csproj", "{3E5D9021-9D2C-4B79-AF85-2CBF4BE49AFE}"
EndProject
Project("{FAE04EC0-301F-11D3-BF4B-00C04F79EFBC}") = "Domain", "Domain\Domain.csproj", "{9348ACEB-513A-4F88-8221-B1632DF83B00}"
EndProject
Project("{FAE04EC0-301F-11D3-BF4B-00C04F79EFBC}") = "DataAccessLayer", "DataAccessLayer\DataAccessLayer.csproj", "{5B7F571B-4C74-4E71-A541-9595D94939A3}"
EndProject
Global
	GlobalSection(SolutionConfigurationPlatforms) = preSolution
		Debug|Any CPU = Debug|Any CPU
		Release|Any CPU = Release|Any CPU
	EndGlobalSection
	GlobalSection(ProjectConfigurationPlatforms) = postSolution
		{3E5D9021-9D2C-4B79-AF85-2CBF4BE49AFE}.Debug|Any CPU.ActiveCfg = Debug|Any CPU
		{3E5D9021-9D2C-4B79-AF85-2CBF4BE49AFE}.Debug|Any CPU.Build.0 = Debug|Any CPU
		{3E5D9021-9D2C-4B79-AF85-2CBF4BE49AFE}.Release|Any CPU.ActiveCfg = Release|Any CPU
		{3E5D9021-9D2C-4B79-AF85-2CBF4BE49AFE}.Release|Any CPU.Build.0 = Release|Any CPU
		{9348ACEB-513A-4F88-8221-B1632DF83B00}.Debug|Any CPU.ActiveCfg = Debug|Any CPU
		{9348ACEB-513A-4F88-8221-B1632DF83B00}.Debug|Any CPU.Build.0 = Debug|Any CPU
		{9348ACEB-513A-4F88-8221-B1632DF83B00}.Release|Any CPU.ActiveCfg = Release|Any CPU
		{9348ACEB-513A-4F88-8221-B1632DF83B00}.Release|Any CPU.Build.0 = Release|Any CPU
		{5B7F571B-4C74-4E71-A541-9595D94939A3}.Debug|Any CPU.ActiveCfg = Debug|Any CPU
		{5B7F571B-4C74-4E71-A541-9595D94939A3}.Debug|Any CPU.Build.0 = Debug|Any CPU
		{5B7F571B-4C74-4E71-A541-9595D94939A3}.Release|Any CPU.ActiveCfg = Release|Any CPU
		{5B7F571B-4C74-4E71-A541-9595D94939A3}.Release|Any CPU.Build.0 = Release|Any CPU
	EndGlobalSection
	GlobalSection(SolutionProperties) = preSolution
		HideSolutionNode = FALSE
	EndGlobalSection
	GlobalSection(ExtensibilityGlobals) = postSolution
		SolutionGuid = {2B7C2389-1289-40D1-836E-749CA06EE1E1}
	EndGlobalSection
EndGlobal
